
Microsoft Visual Studio Solution File, Format Version 12.00
# Visual Studio Version 16
VisualStudioVersion = 16.0.31702.278
MinimumVisualStudioVersion = 10.0.40219.1
Project("{FAE04EC0-301F-11D3-BF4B-00C04F79EFBC}") = "sirasizde", "sirasizde\sirasizde.csproj", "{698BFD7D-17B1-474B-A690-B095FB4F42AD}"
EndProject
Global
	GlobalSection(SolutionConfigurationPlatforms) = preSolution
		Debug|Any CPU = Debug|Any CPU
		Release|Any CPU = Release|Any CPU
	EndGlobalSection
	GlobalSection(ProjectConfigurationPlatforms) = postSolution
		{698BFD7D-17B1-474B-A690-B095FB4F42AD}.Debug|Any CPU.ActiveCfg = Debug|Any CPU
		{698BFD7D-17B1-474B-A690-B095FB4F42AD}.Debug|Any CPU.Build.0 = Debug|Any CPU
		{698BFD7D-17B1-474B-A690-B095FB4F42AD}.Release|Any CPU.ActiveCfg = Release|Any CPU
		{698BFD7D-17B1-474B-A690-B095FB4F42AD}.Release|Any CPU.Build.0 = Release|Any CPU
	EndGlobalSection
	GlobalSection(SolutionProperties) = preSolution
		HideSolutionNode = FALSE
	EndGlobalSection
	GlobalSection(ExtensibilityGlobals) = postSolution
		SolutionGuid = {87748F31-D710-4C25-A2A2-0274381359AE}
	EndGlobalSection
EndGlobal
